<?xml version="1.0" encoding="utf-8"?>
<Project ToolsVersion="14.0" xmlns="http://schemas.microsoft.com/developer/msbuild/2003">
  <ItemGroup>
    <ClCompile Include="..\Building.cpp">
      <Filter>Source Files</Filter>
    </ClCompile>
    <ClCompile Include="..\Forest.cpp">
      <Filter>Source Files</Filter>
    </ClCompile>
    <ClCompile Include="..\geomtools.cpp">
      <Filter>Source Files</Filter>
    </ClCompile>
    <ClCompile Include="..\io.cpp">
      <Filter>Source Files</Filter>
    </ClCompile>
    <ClCompile Include="..\main.cpp">
      <Filter>Source Files</Filter>
    </ClCompile>
    <ClCompile Include="..\Map3d.cpp">
      <Filter>Source Files</Filter>
    </ClCompile>
    <ClCompile Include="..\Road.cpp">
      <Filter>Source Files</Filter>
    </ClCompile>
    <ClCompile Include="..\Terrain.cpp">
      <Filter>Source Files</Filter>
    </ClCompile>
    <ClCompile Include="..\TopoFeature.cpp">
      <Filter>Source Files</Filter>
    </ClCompile>
    <ClCompile Include="..\Water.cpp">
      <Filter>Source Files</Filter>
    </ClCompile>
  </ItemGroup>
  <ItemGroup>
    <Filter Include="Source Files">
      <UniqueIdentifier>{63B2F148-D4DD-3502-976F-2F70D55A7FC6}</UniqueIdentifier>
    </Filter>
    <Filter Include="Header Files">
      <UniqueIdentifier>{6bab34b8-d2c1-4389-843c-f8e08273d93c}</UniqueIdentifier>
    </Filter>
  </ItemGroup>
  <ItemGroup>
    <ClInclude Include="..\Map3d.h">
      <Filter>Header Files</Filter>
    </ClInclude>
    <ClInclude Include="..\TopoFeature.h">
      <Filter>Header Files</Filter>
    </ClInclude>
    <ClInclude Include="..\io.h">
      <Filter>Header Files</Filter>
    </ClInclude>
    <ClInclude Include="..\geomtools.h">
      <Filter>Header Files</Filter>
    </ClInclude>
    <ClInclude Include="..\definitions.h">
      <Filter>Header Files</Filter>
    </ClInclude>
    <ClInclude Include="..\Water.h">
      <Filter>Header Files</Filter>
    </ClInclude>
    <ClInclude Include="..\Terrain.h">
      <Filter>Header Files</Filter>
    </ClInclude>
    <ClInclude Include="..\Road.h">
      <Filter>Header Files</Filter>
    </ClInclude>
    <ClInclude Include="..\Forest.h">
      <Filter>Header Files</Filter>
    </ClInclude>
    <ClInclude Include="..\Building.h">
      <Filter>Header Files</Filter>
    </ClInclude>
  </ItemGroup>
</Project>