<?xml version="1.0" encoding="utf-8"?>
<Project ToolsVersion="14.0" xmlns="http://schemas.microsoft.com/developer/msbuild/2003">
  <ItemGroup>
    <ClCompile Include="..\src\Separation.cpp" />
    <ClCompile Include="..\src\Bridge.cpp" />
    <ClCompile Include="..\src\main.cpp" />
    <ClCompile Include="..\src\io.cpp" />
    <ClCompile Include="..\src\Map3d.cpp" />
    <ClCompile Include="..\src\Building.cpp" />
    <ClCompile Include="..\src\Road.cpp" />
    <ClCompile Include="..\src\Terrain.cpp" />
    <ClCompile Include="..\src\TopoFeature.cpp" />
    <ClCompile Include="..\src\Forest.cpp" />
    <ClCompile Include="..\src\Water.cpp" />
    <ClCompile Include="..\src\geomtools.cpp" />
  </ItemGroup>
  <ItemGroup>
    <Filter Include="Header Files">
      <UniqueIdentifier>{6bab34b8-d2c1-4389-843c-f8e08273d93c}</UniqueIdentifier>
    </Filter>
  </ItemGroup>
  <ItemGroup>
    <ClInclude Include="..\src\Map3d.h">
      <Filter>Header Files</Filter>
    </ClInclude>
    <ClInclude Include="..\src\TopoFeature.h">
      <Filter>Header Files</Filter>
    </ClInclude>
    <ClInclude Include="..\src\io.h">
      <Filter>Header Files</Filter>
    </ClInclude>
    <ClInclude Include="..\src\geomtools.h">
      <Filter>Header Files</Filter>
    </ClInclude>
    <ClInclude Include="..\src\definitions.h">
      <Filter>Header Files</Filter>
    </ClInclude>
    <ClInclude Include="..\src\Water.h">
      <Filter>Header Files</Filter>
    </ClInclude>
    <ClInclude Include="..\src\Terrain.h">
      <Filter>Header Files</Filter>
    </ClInclude>
    <ClInclude Include="..\src\Road.h">
      <Filter>Header Files</Filter>
    </ClInclude>
    <ClInclude Include="..\src\Forest.h">
      <Filter>Header Files</Filter>
    </ClInclude>
    <ClInclude Include="..\src\Building.h">
      <Filter>Header Files</Filter>
    </ClInclude>
    <ClInclude Include="..\src\Separation.h">
      <Filter>Header Files</Filter>
    </ClInclude>
    <ClInclude Include="..\src\Bridge.h">
      <Filter>Header Files</Filter>
    </ClInclude>
  </ItemGroup>
</Project>