Microsoft Visual Studio Solution File, Format Version 12.00
# Visual Studio 15
VisualStudioVersion = 15.0.26228.9
MinimumVisualStudioVersion = 10.0.40219.1
Project("{8BC9CEB8-8B4A-11D0-8D11-00A0C91BC942}") = "3dfier", "3dfier.vcxproj", "{1B42089A-84AD-3A0E-B9AA-67E4F75795D6}"
EndProject
Project("{8BC9CEB8-8B4A-11D0-8D11-00A0C91BC942}") = "CGAL_Core", "%CGAL_DIR%\build\src\CGAL_Core\CGAL_Core.vcxproj", "{AA447225-5996-373D-A355-B1F376B89F3C}"
EndProject
Project("{8BC9CEB8-8B4A-11D0-8D11-00A0C91BC942}") = "CGAL", "%CGAL_DIR%\build\src\CGAL\CGAL.vcxproj", "{A651B08A-0FE9-3572-939C-2403A899F7CF}"
EndProject
Global
	GlobalSection(SolutionConfigurationPlatforms) = preSolution
		Debug|x64 = Debug|x64
		Debug|x86 = Debug|x86
		Release|x64 = Release|x64
		Release|x86 = Release|x86
		Release-Static|x64 = Release-Static|x64
		Release-Static|x86 = Release-Static|x86
	EndGlobalSection
	GlobalSection(ProjectConfigurationPlatforms) = postSolution
		{1B42089A-84AD-3A0E-B9AA-67E4F75795D6}.Debug|x64.ActiveCfg = Debug|x64
		{1B42089A-84AD-3A0E-B9AA-67E4F75795D6}.Debug|x64.Build.0 = Debug|x64
		{1B42089A-84AD-3A0E-B9AA-67E4F75795D6}.Debug|x86.ActiveCfg = Debug|x64
		{1B42089A-84AD-3A0E-B9AA-67E4F75795D6}.Release|x64.ActiveCfg = Release|x64
		{1B42089A-84AD-3A0E-B9AA-67E4F75795D6}.Release|x64.Build.0 = Release|x64
		{1B42089A-84AD-3A0E-B9AA-67E4F75795D6}.Release|x86.ActiveCfg = Release|x64
		{1B42089A-84AD-3A0E-B9AA-67E4F75795D6}.Release-Static|x64.ActiveCfg = Release|x64
		{1B42089A-84AD-3A0E-B9AA-67E4F75795D6}.Release-Static|x64.Build.0 = Release|x64
		{1B42089A-84AD-3A0E-B9AA-67E4F75795D6}.Release-Static|x86.ActiveCfg = Release|x64
		{1B42089A-84AD-3A0E-B9AA-67E4F75795D6}.Release-Static|x86.Build.0 = Release|x64
		{AA447225-5996-373D-A355-B1F376B89F3C}.Debug|x64.ActiveCfg = Debug|x64
		{AA447225-5996-373D-A355-B1F376B89F3C}.Debug|x64.Build.0 = Debug|x64
		{AA447225-5996-373D-A355-B1F376B89F3C}.Debug|x86.ActiveCfg = Debug|Win32
		{AA447225-5996-373D-A355-B1F376B89F3C}.Debug|x86.Build.0 = Debug|Win32
		{AA447225-5996-373D-A355-B1F376B89F3C}.Release|x64.ActiveCfg = Release|x64
		{AA447225-5996-373D-A355-B1F376B89F3C}.Release|x64.Build.0 = Release|x64
		{AA447225-5996-373D-A355-B1F376B89F3C}.Release|x86.ActiveCfg = Release|Win32
		{AA447225-5996-373D-A355-B1F376B89F3C}.Release|x86.Build.0 = Release|Win32
		{AA447225-5996-373D-A355-B1F376B89F3C}.Release-Static|x64.ActiveCfg = Release-Static|x64
		{AA447225-5996-373D-A355-B1F376B89F3C}.Release-Static|x64.Build.0 = Release-Static|x64
		{AA447225-5996-373D-A355-B1F376B89F3C}.Release-Static|x86.ActiveCfg = Release-Static|Win32
		{AA447225-5996-373D-A355-B1F376B89F3C}.Release-Static|x86.Build.0 = Release-Static|Win32
		{A651B08A-0FE9-3572-939C-2403A899F7CF}.Debug|x64.ActiveCfg = Debug|x64
		{A651B08A-0FE9-3572-939C-2403A899F7CF}.Debug|x64.Build.0 = Debug|x64
		{A651B08A-0FE9-3572-939C-2403A899F7CF}.Debug|x86.ActiveCfg = Debug|Win32
		{A651B08A-0FE9-3572-939C-2403A899F7CF}.Debug|x86.Build.0 = Debug|Win32
		{A651B08A-0FE9-3572-939C-2403A899F7CF}.Release|x64.ActiveCfg = Release|x64
		{A651B08A-0FE9-3572-939C-2403A899F7CF}.Release|x64.Build.0 = Release|x64
		{A651B08A-0FE9-3572-939C-2403A899F7CF}.Release|x86.ActiveCfg = Release|Win32
		{A651B08A-0FE9-3572-939C-2403A899F7CF}.Release|x86.Build.0 = Release|Win32
		{A651B08A-0FE9-3572-939C-2403A899F7CF}.Release-Static|x64.ActiveCfg = Release-Static|x64
		{A651B08A-0FE9-3572-939C-2403A899F7CF}.Release-Static|x64.Build.0 = Release-Static|x64
		{A651B08A-0FE9-3572-939C-2403A899F7CF}.Release-Static|x86.ActiveCfg = Release-Static|Win32
		{A651B08A-0FE9-3572-939C-2403A899F7CF}.Release-Static|x86.Build.0 = Release-Static|Win32
	EndGlobalSection
	GlobalSection(SolutionProperties) = preSolution
		HideSolutionNode = FALSE
	EndGlobalSection
EndGlobal
